
Microsoft Visual Studio Solution File, Format Version 12.00
# Visual Studio Version 17
VisualStudioVersion = 17.7.34202.233
MinimumVisualStudioVersion = 10.0.40219.1
Project("{8BC9CEB8-8B4A-11D0-8D11-00A0C91BC942}") = "练习，通讯录", "练习，通讯录\练习，通讯录.vcxproj", "{EC58C53B-6215-4BF3-97E4-697CF21749D4}"
EndProject
Global
	GlobalSection(SolutionConfigurationPlatforms) = preSolution
		Debug|x64 = Debug|x64
		Debug|x86 = Debug|x86
		Release|x64 = Release|x64
		Release|x86 = Release|x86
	EndGlobalSection
	GlobalSection(ProjectConfigurationPlatforms) = postSolution
		{EC58C53B-6215-4BF3-97E4-697CF21749D4}.Debug|x64.ActiveCfg = Debug|x64
		{EC58C53B-6215-4BF3-97E4-697CF21749D4}.Debug|x64.Build.0 = Debug|x64
		{EC58C53B-6215-4BF3-97E4-697CF21749D4}.Debug|x86.ActiveCfg = Debug|Win32
		{EC58C53B-6215-4BF3-97E4-697CF21749D4}.Debug|x86.Build.0 = Debug|Win32
		{EC58C53B-6215-4BF3-97E4-697CF21749D4}.Release|x64.ActiveCfg = Release|x64
		{EC58C53B-6215-4BF3-97E4-697CF21749D4}.Release|x64.Build.0 = Release|x64
		{EC58C53B-6215-4BF3-97E4-697CF21749D4}.Release|x86.ActiveCfg = Release|Win32
		{EC58C53B-6215-4BF3-97E4-697CF21749D4}.Release|x86.Build.0 = Release|Win32
	EndGlobalSection
	GlobalSection(SolutionProperties) = preSolution
		HideSolutionNode = FALSE
	EndGlobalSection
	GlobalSection(ExtensibilityGlobals) = postSolution
		SolutionGuid = {91FB7D5B-AC06-469C-AF1C-410CD4A04139}
	EndGlobalSection
EndGlobal
